
Microsoft Visual Studio Solution File, Format Version 12.00
# Visual Studio Version 17
VisualStudioVersion = 17.14.36221.1 d17.14
MinimumVisualStudioVersion = 10.0.40219.1
Project("{FAE04EC0-301F-11D3-BF4B-00C04F79EFBC}") = "Variance and Binning", "Variance and Binning\Variance and Binning.csproj", "{A6849B7C-60FA-4361-95BF-8DE9F4593FA6}"
EndProject
Global
	GlobalSection(SolutionConfigurationPlatforms) = preSolution
		Debug|Any CPU = Debug|Any CPU
		Release|Any CPU = Release|Any CPU
	EndGlobalSection
	GlobalSection(ProjectConfigurationPlatforms) = postSolution
		{A6849B7C-60FA-4361-95BF-8DE9F4593FA6}.Debug|Any CPU.ActiveCfg = Debug|Any CPU
		{A6849B7C-60FA-4361-95BF-8DE9F4593FA6}.Debug|Any CPU.Build.0 = Debug|Any CPU
		{A6849B7C-60FA-4361-95BF-8DE9F4593FA6}.Release|Any CPU.ActiveCfg = Release|Any CPU
		{A6849B7C-60FA-4361-95BF-8DE9F4593FA6}.Release|Any CPU.Build.0 = Release|Any CPU
	EndGlobalSection
	GlobalSection(SolutionProperties) = preSolution
		HideSolutionNode = FALSE
	EndGlobalSection
	GlobalSection(ExtensibilityGlobals) = postSolution
		SolutionGuid = {8825EB69-9259-473E-A4C6-A3E1F45CBF61}
	EndGlobalSection
EndGlobal
